{
  "name": "mcp-workflows-infrastructure",
  "version": "1.0.0",
  "lockfileVersion": 3,
  "requires": true,
  "packages": {
    "": {
      "name": "mcp-workflows-infrastructure",
      "version": "1.0.0",
      "license": "MIT",
      "dependencies": {
        "@modelcontextprotocol/sdk": "file:vendor/modelcontextprotocol-sdk",
        "@modelcontextprotocol/server-stdio": "file:vendor/modelcontextprotocol-server-stdio",
        "codex-mcp": "file:vendor/codex-mcp"
      },
      "devDependencies": {
        "@types/node": "file:vendor/types-node",
        "@typescript-eslint/eslint-plugin": "file:vendor/typescript-eslint-eslint-plugin",
        "@typescript-eslint/parser": "file:vendor/typescript-eslint-parser",
        "eslint": "file:vendor/eslint",
        "prettier": "file:vendor/prettier",
        "typescript": "file:vendor/typescript"
      },
      "engines": {
        "node": ">=18.0.0",
        "npm": ">=9.0.0"
      }
    },
    "node_modules/@modelcontextprotocol/sdk": {
      "resolved": "vendor/modelcontextprotocol-sdk",
      "link": true
    },
    "node_modules/@modelcontextprotocol/server-stdio": {
      "resolved": "vendor/modelcontextprotocol-server-stdio",
      "link": true
    },
    "node_modules/@types/node": {
      "resolved": "vendor/types-node",
      "link": true
    },
    "node_modules/@typescript-eslint/eslint-plugin": {
      "resolved": "vendor/typescript-eslint-eslint-plugin",
      "link": true
    },
    "node_modules/@typescript-eslint/parser": {
      "resolved": "vendor/typescript-eslint-parser",
      "link": true
    },
    "node_modules/codex-mcp": {
      "resolved": "vendor/codex-mcp",
      "link": true
    },
    "node_modules/eslint": {
      "resolved": "vendor/eslint",
      "link": true
    },
    "node_modules/prettier": {
      "resolved": "vendor/prettier",
      "link": true
    },
    "node_modules/typescript": {
      "resolved": "vendor/typescript",
      "link": true
    },
    "vendor/codex-mcp": {
      "version": "1.0.0",
      "bin": {
        "codex": "bin/codex.mjs"
      }
    },
    "vendor/eslint": {
      "version": "8.55.0",
      "dev": true,
      "bin": {
        "eslint": "bin/eslint.mjs"
      }
    },
    "vendor/modelcontextprotocol-sdk": {
      "name": "@modelcontextprotocol/sdk",
      "version": "0.5.0"
    },
    "vendor/modelcontextprotocol-server-stdio": {
      "name": "@modelcontextprotocol/server-stdio",
      "version": "0.5.0"
    },
    "vendor/prettier": {
      "version": "3.1.0",
      "dev": true,
      "bin": {
        "prettier": "bin/prettier.mjs"
      }
    },
    "vendor/types-node": {
      "name": "@types/node",
      "version": "20.10.0",
      "dev": true
    },
    "vendor/typescript": {
      "version": "5.3.2",
      "dev": true,
      "bin": {
        "tsc": "bin/tsc.mjs",
        "tsserver": "bin/tsserver.mjs"
      }
    },
    "vendor/typescript-eslint-eslint-plugin": {
      "name": "@typescript-eslint/eslint-plugin",
      "version": "6.13.2",
      "dev": true
    },
    "vendor/typescript-eslint-parser": {
      "name": "@typescript-eslint/parser",
      "version": "6.13.2",
      "dev": true
    }
  }
}
